
Microsoft Visual Studio Solution File, Format Version 12.00
# Visual Studio Version 17
VisualStudioVersion = 17.5.002.0
MinimumVisualStudioVersion = 10.0.40219.1
Project("{9A19103F-16F7-4668-BE54-9A1E7A4F7556}") = "Loja", "Loja.csproj", "{73DF129C-3875-4364-8E73-DC6862A204AA}"
EndProject
Global
	GlobalSection(SolutionConfigurationPlatforms) = preSolution
		Debug|Any CPU = Debug|Any CPU
		Release|Any CPU = Release|Any CPU
	EndGlobalSection
	GlobalSection(ProjectConfigurationPlatforms) = postSolution
		{73DF129C-3875-4364-8E73-DC6862A204AA}.Debug|Any CPU.ActiveCfg = Debug|Any CPU
		{73DF129C-3875-4364-8E73-DC6862A204AA}.Debug|Any CPU.Build.0 = Debug|Any CPU
		{73DF129C-3875-4364-8E73-DC6862A204AA}.Release|Any CPU.ActiveCfg = Release|Any CPU
		{73DF129C-3875-4364-8E73-DC6862A204AA}.Release|Any CPU.Build.0 = Release|Any CPU
	EndGlobalSection
	GlobalSection(SolutionProperties) = preSolution
		HideSolutionNode = FALSE
	EndGlobalSection
	GlobalSection(ExtensibilityGlobals) = postSolution
		SolutionGuid = {A2C02694-4907-42FD-93BE-E76A53AA5145}
	EndGlobalSection
EndGlobal
